
Microsoft Visual Studio Solution File, Format Version 12.00
# Visual Studio 15
VisualStudioVersion = 15.0.26730.12
MinimumVisualStudioVersion = 10.0.40219.1
Project("{888888A0-9F3D-457C-B088-3A5042F75D52}") = "9.20", "9.20\9.20.pyproj", "{04C3849A-7666-44DF-B2BB-04147C926918}"
EndProject
Global
	GlobalSection(SolutionConfigurationPlatforms) = preSolution
		Debug|Any CPU = Debug|Any CPU
		Release|Any CPU = Release|Any CPU
	EndGlobalSection
	GlobalSection(ProjectConfigurationPlatforms) = postSolution
		{04C3849A-7666-44DF-B2BB-04147C926918}.Debug|Any CPU.ActiveCfg = Debug|Any CPU
		{04C3849A-7666-44DF-B2BB-04147C926918}.Release|Any CPU.ActiveCfg = Release|Any CPU
	EndGlobalSection
	GlobalSection(SolutionProperties) = preSolution
		HideSolutionNode = FALSE
	EndGlobalSection
	GlobalSection(ExtensibilityGlobals) = postSolution
		SolutionGuid = {1947D363-02E3-4296-8F33-5BDF5BFE8F49}
	EndGlobalSection
EndGlobal
