
Microsoft Visual Studio Solution File, Format Version 12.00
# Visual Studio 15
VisualStudioVersion = 15.0.26730.8
MinimumVisualStudioVersion = 10.0.40219.1
Project("{888888A0-9F3D-457C-B088-3A5042F75D52}") = "6.51", "6.51\6.51.pyproj", "{B0F9932C-2453-4034-827B-64A049ED9AFC}"
EndProject
Global
	GlobalSection(SolutionConfigurationPlatforms) = preSolution
		Debug|Any CPU = Debug|Any CPU
		Release|Any CPU = Release|Any CPU
	EndGlobalSection
	GlobalSection(ProjectConfigurationPlatforms) = postSolution
		{B0F9932C-2453-4034-827B-64A049ED9AFC}.Debug|Any CPU.ActiveCfg = Debug|Any CPU
		{B0F9932C-2453-4034-827B-64A049ED9AFC}.Release|Any CPU.ActiveCfg = Release|Any CPU
	EndGlobalSection
	GlobalSection(SolutionProperties) = preSolution
		HideSolutionNode = FALSE
	EndGlobalSection
	GlobalSection(ExtensibilityGlobals) = postSolution
		SolutionGuid = {8AF43E44-A097-4BC2-B632-5FF8A845FDB6}
	EndGlobalSection
EndGlobal
