
Microsoft Visual Studio Solution File, Format Version 12.00
# Visual Studio 15
VisualStudioVersion = 15.0.26730.12
MinimumVisualStudioVersion = 10.0.40219.1
Project("{888888A0-9F3D-457C-B088-3A5042F75D52}") = "8.20", "8.20\8.20.pyproj", "{AF41DE60-75A2-4A75-868C-755B970E55B7}"
EndProject
Global
	GlobalSection(SolutionConfigurationPlatforms) = preSolution
		Debug|Any CPU = Debug|Any CPU
		Release|Any CPU = Release|Any CPU
	EndGlobalSection
	GlobalSection(ProjectConfigurationPlatforms) = postSolution
		{AF41DE60-75A2-4A75-868C-755B970E55B7}.Debug|Any CPU.ActiveCfg = Debug|Any CPU
		{AF41DE60-75A2-4A75-868C-755B970E55B7}.Release|Any CPU.ActiveCfg = Release|Any CPU
	EndGlobalSection
	GlobalSection(SolutionProperties) = preSolution
		HideSolutionNode = FALSE
	EndGlobalSection
	GlobalSection(ExtensibilityGlobals) = postSolution
		SolutionGuid = {DF8E8FAF-315C-483F-9EBF-FDE19F4DCEC3}
	EndGlobalSection
EndGlobal
