
Microsoft Visual Studio Solution File, Format Version 12.00
# Visual Studio 15
VisualStudioVersion = 15.0.26730.12
MinimumVisualStudioVersion = 10.0.40219.1
Project("{888888A0-9F3D-457C-B088-3A5042F75D52}") = "9.43", "9.43\9.43.pyproj", "{837808E9-ACA0-47A9-8DF4-24F80BCCE5FC}"
EndProject
Global
	GlobalSection(SolutionConfigurationPlatforms) = preSolution
		Debug|Any CPU = Debug|Any CPU
		Release|Any CPU = Release|Any CPU
	EndGlobalSection
	GlobalSection(ProjectConfigurationPlatforms) = postSolution
		{837808E9-ACA0-47A9-8DF4-24F80BCCE5FC}.Debug|Any CPU.ActiveCfg = Debug|Any CPU
		{837808E9-ACA0-47A9-8DF4-24F80BCCE5FC}.Release|Any CPU.ActiveCfg = Release|Any CPU
	EndGlobalSection
	GlobalSection(SolutionProperties) = preSolution
		HideSolutionNode = FALSE
	EndGlobalSection
	GlobalSection(ExtensibilityGlobals) = postSolution
		SolutionGuid = {534012D1-6CAB-472E-8D71-CC997BB9ECE3}
	EndGlobalSection
EndGlobal
